
Microsoft Visual Studio Solution File, Format Version 12.00
# Visual Studio Version 17
VisualStudioVersion = 17.13.35919.96
MinimumVisualStudioVersion = 10.0.40219.1
Project("{54A90642-561A-4BB1-A94E-469ADEE60C69}") = "austin-orphan-react", "austin-orphan-react\austin-orphan-react.esproj", "{F5F99C84-A754-F8AC-44AA-54489BA10E29}"
EndProject
Global
	GlobalSection(SolutionConfigurationPlatforms) = preSolution
		Debug|Any CPU = Debug|Any CPU
		Release|Any CPU = Release|Any CPU
	EndGlobalSection
	GlobalSection(ProjectConfigurationPlatforms) = postSolution
		{F5F99C84-A754-F8AC-44AA-54489BA10E29}.Debug|Any CPU.ActiveCfg = Debug|Any CPU
		{F5F99C84-A754-F8AC-44AA-54489BA10E29}.Debug|Any CPU.Build.0 = Debug|Any CPU
		{F5F99C84-A754-F8AC-44AA-54489BA10E29}.Debug|Any CPU.Deploy.0 = Debug|Any CPU
		{F5F99C84-A754-F8AC-44AA-54489BA10E29}.Release|Any CPU.ActiveCfg = Release|Any CPU
		{F5F99C84-A754-F8AC-44AA-54489BA10E29}.Release|Any CPU.Build.0 = Release|Any CPU
		{F5F99C84-A754-F8AC-44AA-54489BA10E29}.Release|Any CPU.Deploy.0 = Release|Any CPU
	EndGlobalSection
	GlobalSection(SolutionProperties) = preSolution
		HideSolutionNode = FALSE
	EndGlobalSection
	GlobalSection(ExtensibilityGlobals) = postSolution
		SolutionGuid = {22CEBC1B-1288-44FE-854B-FBBF2C519763}
	EndGlobalSection
EndGlobal
